
Microsoft Visual Studio Solution File, Format Version 12.00
# Visual Studio 15
VisualStudioVersion = 15.0.27703.2018
MinimumVisualStudioVersion = 10.0.40219.1
Project("{8BC9CEB8-8B4A-11D0-8D11-00A0C91BC942}") = "sprint1", "Taquin\Taquin.vcxproj", "{E8059FCA-616D-47C7-BEEB-E25F06817C12}"
EndProject
Project("{8BC9CEB8-8B4A-11D0-8D11-00A0C91BC942}") = "sprint2", "sprint2\sprint2.vcxproj", "{5CD7C1E4-29ED-4AEB-A10F-70B5CA91477B}"
EndProject
Project("{8BC9CEB8-8B4A-11D0-8D11-00A0C91BC942}") = "sprint3", "sprint3\sprint3.vcxproj", "{6F5DEA79-5C8F-4486-93EA-6621285BA2C1}"
EndProject
Project("{8BC9CEB8-8B4A-11D0-8D11-00A0C91BC942}") = "sprint4", "sprint4\sprint4.vcxproj", "{AC324C8A-34BA-4E65-B7DB-D0C7C038B18F}"
EndProject
Project("{8BC9CEB8-8B4A-11D0-8D11-00A0C91BC942}") = "sprint5", "sprint5\sprint5.vcxproj", "{E3F3ED6A-6880-452A-A389-ECAACA7858D1}"
EndProject
Global
	GlobalSection(SolutionConfigurationPlatforms) = preSolution
		Debug|x64 = Debug|x64
		Debug|x86 = Debug|x86
		Release|x64 = Release|x64
		Release|x86 = Release|x86
	EndGlobalSection
	GlobalSection(ProjectConfigurationPlatforms) = postSolution
		{E8059FCA-616D-47C7-BEEB-E25F06817C12}.Debug|x64.ActiveCfg = Debug|x64
		{E8059FCA-616D-47C7-BEEB-E25F06817C12}.Debug|x64.Build.0 = Debug|x64
		{E8059FCA-616D-47C7-BEEB-E25F06817C12}.Debug|x86.ActiveCfg = Debug|Win32
		{E8059FCA-616D-47C7-BEEB-E25F06817C12}.Debug|x86.Build.0 = Debug|Win32
		{E8059FCA-616D-47C7-BEEB-E25F06817C12}.Release|x64.ActiveCfg = Release|x64
		{E8059FCA-616D-47C7-BEEB-E25F06817C12}.Release|x64.Build.0 = Release|x64
		{E8059FCA-616D-47C7-BEEB-E25F06817C12}.Release|x86.ActiveCfg = Release|Win32
		{E8059FCA-616D-47C7-BEEB-E25F06817C12}.Release|x86.Build.0 = Release|Win32
		{5CD7C1E4-29ED-4AEB-A10F-70B5CA91477B}.Debug|x64.ActiveCfg = Debug|x64
		{5CD7C1E4-29ED-4AEB-A10F-70B5CA91477B}.Debug|x64.Build.0 = Debug|x64
		{5CD7C1E4-29ED-4AEB-A10F-70B5CA91477B}.Debug|x86.ActiveCfg = Debug|Win32
		{5CD7C1E4-29ED-4AEB-A10F-70B5CA91477B}.Debug|x86.Build.0 = Debug|Win32
		{5CD7C1E4-29ED-4AEB-A10F-70B5CA91477B}.Release|x64.ActiveCfg = Release|x64
		{5CD7C1E4-29ED-4AEB-A10F-70B5CA91477B}.Release|x64.Build.0 = Release|x64
		{5CD7C1E4-29ED-4AEB-A10F-70B5CA91477B}.Release|x86.ActiveCfg = Release|Win32
		{5CD7C1E4-29ED-4AEB-A10F-70B5CA91477B}.Release|x86.Build.0 = Release|Win32
		{6F5DEA79-5C8F-4486-93EA-6621285BA2C1}.Debug|x64.ActiveCfg = Debug|x64
		{6F5DEA79-5C8F-4486-93EA-6621285BA2C1}.Debug|x64.Build.0 = Debug|x64
		{6F5DEA79-5C8F-4486-93EA-6621285BA2C1}.Debug|x86.ActiveCfg = Debug|Win32
		{6F5DEA79-5C8F-4486-93EA-6621285BA2C1}.Debug|x86.Build.0 = Debug|Win32
		{6F5DEA79-5C8F-4486-93EA-6621285BA2C1}.Release|x64.ActiveCfg = Release|x64
		{6F5DEA79-5C8F-4486-93EA-6621285BA2C1}.Release|x64.Build.0 = Release|x64
		{6F5DEA79-5C8F-4486-93EA-6621285BA2C1}.Release|x86.ActiveCfg = Release|Win32
		{6F5DEA79-5C8F-4486-93EA-6621285BA2C1}.Release|x86.Build.0 = Release|Win32
		{AC324C8A-34BA-4E65-B7DB-D0C7C038B18F}.Debug|x64.ActiveCfg = Debug|x64
		{AC324C8A-34BA-4E65-B7DB-D0C7C038B18F}.Debug|x64.Build.0 = Debug|x64
		{AC324C8A-34BA-4E65-B7DB-D0C7C038B18F}.Debug|x86.ActiveCfg = Debug|Win32
		{AC324C8A-34BA-4E65-B7DB-D0C7C038B18F}.Debug|x86.Build.0 = Debug|Win32
		{AC324C8A-34BA-4E65-B7DB-D0C7C038B18F}.Release|x64.ActiveCfg = Release|x64
		{AC324C8A-34BA-4E65-B7DB-D0C7C038B18F}.Release|x64.Build.0 = Release|x64
		{AC324C8A-34BA-4E65-B7DB-D0C7C038B18F}.Release|x86.ActiveCfg = Release|Win32
		{AC324C8A-34BA-4E65-B7DB-D0C7C038B18F}.Release|x86.Build.0 = Release|Win32
		{E3F3ED6A-6880-452A-A389-ECAACA7858D1}.Debug|x64.ActiveCfg = Debug|x64
		{E3F3ED6A-6880-452A-A389-ECAACA7858D1}.Debug|x64.Build.0 = Debug|x64
		{E3F3ED6A-6880-452A-A389-ECAACA7858D1}.Debug|x86.ActiveCfg = Debug|Win32
		{E3F3ED6A-6880-452A-A389-ECAACA7858D1}.Debug|x86.Build.0 = Debug|Win32
		{E3F3ED6A-6880-452A-A389-ECAACA7858D1}.Release|x64.ActiveCfg = Release|x64
		{E3F3ED6A-6880-452A-A389-ECAACA7858D1}.Release|x64.Build.0 = Release|x64
		{E3F3ED6A-6880-452A-A389-ECAACA7858D1}.Release|x86.ActiveCfg = Release|Win32
		{E3F3ED6A-6880-452A-A389-ECAACA7858D1}.Release|x86.Build.0 = Release|Win32
	EndGlobalSection
	GlobalSection(SolutionProperties) = preSolution
		HideSolutionNode = FALSE
	EndGlobalSection
	GlobalSection(ExtensibilityGlobals) = postSolution
		SolutionGuid = {BBDACAD0-BCAB-4171-93B1-99726D9AE7B3}
	EndGlobalSection
EndGlobal
